<?xml version="1.0" encoding="utf-8"?>
<Project ToolsVersion="4.0" xmlns="http://schemas.microsoft.com/developer/msbuild/2003">
  <ItemGroup>
    <Filter Include="Source Files">
      <UniqueIdentifier>{4FC737F1-C7A5-4376-A066-2A32D752A2FF}</UniqueIdentifier>
      <Extensions>cpp;c;cc;cxx;def;odl;idl;hpj;bat;asm;asmx</Extensions>
    </Filter>
    <Filter Include="Header Files">
      <UniqueIdentifier>{93995380-89BD-4b04-88EB-625FBE52EBFB}</UniqueIdentifier>
      <Extensions>h;hh;hpp;hxx;hm;inl;inc;ipp;xsd</Extensions>
    </Filter>
    <Filter Include="Resource Files">
      <UniqueIdentifier>{67DA6AB6-F800-4c08-8B7A-83BB121AAD01}</UniqueIdentifier>
      <Extensions>rc;ico;cur;bmp;dlg;rc2;rct;bin;rgs;gif;jpg;jpeg;jpe;resx;tiff;tif;png;wav;mfcribbon-ms</Extensions>
    </Filter>
    <Filter Include="Header Files\FileTypes">
      <UniqueIdentifier>{234daeeb-a23f-4dad-98a3-09d756060652}</UniqueIdentifier>
    </Filter>
    <Filter Include="Header Files\Assets">
      <UniqueIdentifier>{2fcccf4d-6c02-4f23-8066-8588f6113f6d}</UniqueIdentifier>
    </Filter>
    <Filter Include="Header Files\Misc">
      <UniqueIdentifier>{ff1a0fe3-fb3e-4e66-9e69-bd27d4eafc1c}</UniqueIdentifier>
    </Filter>
    <Filter Include="Source Files\Assets_">
      <UniqueIdentifier>{837df728-181e-4920-a655-3218467f0538}</UniqueIdentifier>
    </Filter>
    <Filter Include="Source Files\FileTypes">
      <UniqueIdentifier>{812e6ba0-ad76-42a8-9b4a-c187dca4ec97}</UniqueIdentifier>
    </Filter>
  </ItemGroup>
  <ItemGroup>
    <ClCompile Include="Main.cpp">
      <Filter>Source Files</Filter>
    </ClCompile>
    <ClCompile Include="Stats.cpp">
      <Filter>Source Files</Filter>
    </ClCompile>
    <ClCompile Include="FileRow.cpp">
      <Filter>Source Files\FileTypes</Filter>
    </ClCompile>
    <ClCompile Include="FileType.cpp">
      <Filter>Source Files\FileTypes</Filter>
    </ClCompile>
    <ClCompile Include="FileTypeContainer.cpp">
      <Filter>Source Files\FileTypes</Filter>
    </ClCompile>
    <ClCompile Include="OptionChain.cpp">
      <Filter>Source Files\FileTypes</Filter>
    </ClCompile>
    <ClCompile Include="OptionChainPathGenerator.cpp">
      <Filter>Source Files\FileTypes</Filter>
    </ClCompile>
    <ClCompile Include="OptionChainRow.cpp">
      <Filter>Source Files\FileTypes</Filter>
    </ClCompile>
    <ClCompile Include="OptionChains.cpp">
      <Filter>Source Files\FileTypes</Filter>
    </ClCompile>
    <ClCompile Include="Bond.cpp">
      <Filter>Source Files\Assets_</Filter>
    </ClCompile>
    <ClCompile Include="Derivative.cpp">
      <Filter>Source Files\Assets_</Filter>
    </ClCompile>
    <ClCompile Include="BondFile.cpp">
      <Filter>Source Files\FileTypes</Filter>
    </ClCompile>
    <ClCompile Include="BondFileRow.cpp">
      <Filter>Source Files\FileTypes</Filter>
    </ClCompile>
    <ClCompile Include="StockPricesFileRow.cpp">
      <Filter>Source Files\FileTypes</Filter>
    </ClCompile>
    <ClCompile Include="ComponentWeightsFile.cpp">
      <Filter>Source Files\FileTypes</Filter>
    </ClCompile>
    <ClCompile Include="ComponentWeightsFileRow.cpp">
      <Filter>Source Files\FileTypes</Filter>
    </ClCompile>
    <ClCompile Include="DispersionTrade.cpp">
      <Filter>Source Files\Assets_</Filter>
    </ClCompile>
    <ClCompile Include="Option.cpp">
      <Filter>Source Files\Assets_</Filter>
    </ClCompile>
    <ClCompile Include="Security.cpp">
      <Filter>Source Files\Assets_</Filter>
    </ClCompile>
  </ItemGroup>
  <ItemGroup>
    <ClInclude Include="Equity.hpp">
      <Filter>Header Files\Assets</Filter>
    </ClInclude>
    <ClInclude Include="EquityIndex.hpp">
      <Filter>Header Files\Assets</Filter>
    </ClInclude>
    <ClInclude Include="Observer.hpp">
      <Filter>Header Files\Assets</Filter>
    </ClInclude>
    <ClInclude Include="OptionChain.hpp">
      <Filter>Header Files\FileTypes</Filter>
    </ClInclude>
    <ClInclude Include="OptionChainPathGenerator.hpp">
      <Filter>Header Files\FileTypes</Filter>
    </ClInclude>
    <ClInclude Include="OptionChainRow.hpp">
      <Filter>Header Files\FileTypes</Filter>
    </ClInclude>
    <ClInclude Include="Security.hpp">
      <Filter>Header Files\Assets</Filter>
    </ClInclude>
    <ClInclude Include="Option.hpp">
      <Filter>Header Files\Assets</Filter>
    </ClInclude>
    <ClInclude Include="OptionChains.hpp">
      <Filter>Header Files\FileTypes</Filter>
    </ClInclude>
    <ClInclude Include="Trade.hpp">
      <Filter>Header Files\Assets</Filter>
    </ClInclude>
    <ClInclude Include="FileType.hpp">
      <Filter>Header Files\FileTypes</Filter>
    </ClInclude>
    <ClInclude Include="FileRow.hpp">
      <Filter>Header Files\FileTypes</Filter>
    </ClInclude>
    <ClInclude Include="Derivative.hpp">
      <Filter>Header Files\Assets</Filter>
    </ClInclude>
    <ClInclude Include="DispersionTrade.hpp">
      <Filter>Header Files\Assets</Filter>
    </ClInclude>
    <ClInclude Include="TradeFactory.hpp">
      <Filter>Header Files\Assets</Filter>
    </ClInclude>
    <ClInclude Include="FileTypeContainer.hpp">
      <Filter>Header Files\FileTypes</Filter>
    </ClInclude>
    <ClInclude Include="Portfolio.hpp">
      <Filter>Header Files\Assets</Filter>
    </ClInclude>
    <ClInclude Include="Bond.hpp">
      <Filter>Header Files\Assets</Filter>
    </ClInclude>
    <ClInclude Include="ZeroCurve.hpp">
      <Filter>Header Files\Assets</Filter>
    </ClInclude>
    <ClInclude Include="Stats.hpp">
      <Filter>Header Files\Misc</Filter>
    </ClInclude>
    <ClInclude Include="BondFile.hpp">
      <Filter>Header Files\FileTypes</Filter>
    </ClInclude>
    <ClInclude Include="BondFileRow.hpp">
      <Filter>Header Files\FileTypes</Filter>
    </ClInclude>
    <ClInclude Include="StockPricesFile.hpp">
      <Filter>Header Files\FileTypes</Filter>
    </ClInclude>
    <ClInclude Include="StockPricesFileRow.hpp">
      <Filter>Header Files\FileTypes</Filter>
    </ClInclude>
    <ClInclude Include="ComponentWeightsFile.hpp">
      <Filter>Header Files\FileTypes</Filter>
    </ClInclude>
    <ClInclude Include="ComponentWeightsFileRow.hpp">
      <Filter>Header Files\FileTypes</Filter>
    </ClInclude>
  </ItemGroup>
  <ItemGroup>
    <None Include="04_08_2020.zip" />
  </ItemGroup>
</Project>